
Microsoft Visual Studio Solution File, Format Version 12.00
# Visual Studio 15
Project("{FAE04EC0-301F-11D3-BF4B-00C04F79EFBC}") = "Assembly-CSharp", "Assembly-CSharp.csproj", "{97BF7DDA-C0BC-730F-DE07-C3DC5D9DF190}"
EndProject
Project("{FAE04EC0-301F-11D3-BF4B-00C04F79EFBC}") = "Assembly-CSharp-Editor", "Assembly-CSharp-Editor.csproj", "{B0075AAD-7636-ED14-3C0B-C103302EAB2C}"
EndProject
Global
	GlobalSection(SolutionConfigurationPlatforms) = preSolution
		Debug|Any CPU = Debug|Any CPU
		Release|Any CPU = Release|Any CPU
	EndGlobalSection
	GlobalSection(ProjectConfigurationPlatforms) = postSolution
		{97BF7DDA-C0BC-730F-DE07-C3DC5D9DF190}.Debug|Any CPU.ActiveCfg = Debug|Any CPU
		{97BF7DDA-C0BC-730F-DE07-C3DC5D9DF190}.Debug|Any CPU.Build.0 = Debug|Any CPU
		{97BF7DDA-C0BC-730F-DE07-C3DC5D9DF190}.Release|Any CPU.ActiveCfg = Release|Any CPU
		{97BF7DDA-C0BC-730F-DE07-C3DC5D9DF190}.Release|Any CPU.Build.0 = Release|Any CPU
		{B0075AAD-7636-ED14-3C0B-C103302EAB2C}.Debug|Any CPU.ActiveCfg = Debug|Any CPU
		{B0075AAD-7636-ED14-3C0B-C103302EAB2C}.Debug|Any CPU.Build.0 = Debug|Any CPU
		{B0075AAD-7636-ED14-3C0B-C103302EAB2C}.Release|Any CPU.ActiveCfg = Release|Any CPU
		{B0075AAD-7636-ED14-3C0B-C103302EAB2C}.Release|Any CPU.Build.0 = Release|Any CPU
	EndGlobalSection
	GlobalSection(SolutionProperties) = preSolution
		HideSolutionNode = FALSE
	EndGlobalSection
EndGlobal
